{
    "name": "web-designer-example",
    "version": "1.0.0",
    "lockfileVersion": 3,
    "requires": true,
    "packages": {
        "": {
            "name": "web-designer-example",
            "version": "1.0.0",
            "license": "ISC",
            "devDependencies": {
                "@types/prettier": "^3.0.0",
                "prettier": "^3.1.1"
            }
        },
        "node_modules/@types/prettier": {
            "version": "3.0.0",
            "deprecated": "This is a stub types definition. prettier provides its own type definitions, so you do not need this installed.",
            "dev": true,
            "license": "MIT",
            "dependencies": {
                "prettier": "*"
            }
        },
        "node_modules/prettier": {
            "version": "3.3.2",
            "dev": true,
            "license": "MIT",
            "bin": {
                "prettier": "bin/prettier.cjs"
            },
            "engines": {
                "node": ">=14"
            },
            "funding": {
                "url": "https://github.com/prettier/prettier?sponsor=1"
            }
        }
    }
}
